
Microsoft Visual Studio Solution File, Format Version 12.00
# Visual Studio Version 16
VisualStudioVersion = 16.0.33529.622
MinimumVisualStudioVersion = 10.0.40219.1
Project("{FAE04EC0-301F-11D3-BF4B-00C04F79EFBC}") = "DatabaseAssignment", "DatabaseAssignment\DatabaseAssignment.csproj", "{A0386435-2A91-4F8E-96D5-93AF7694D8F3}"
EndProject
Global
	GlobalSection(SolutionConfigurationPlatforms) = preSolution
		Debug|Any CPU = Debug|Any CPU
		Release|Any CPU = Release|Any CPU
	EndGlobalSection
	GlobalSection(ProjectConfigurationPlatforms) = postSolution
		{A0386435-2A91-4F8E-96D5-93AF7694D8F3}.Debug|Any CPU.ActiveCfg = Debug|Any CPU
		{A0386435-2A91-4F8E-96D5-93AF7694D8F3}.Debug|Any CPU.Build.0 = Debug|Any CPU
		{A0386435-2A91-4F8E-96D5-93AF7694D8F3}.Release|Any CPU.ActiveCfg = Release|Any CPU
		{A0386435-2A91-4F8E-96D5-93AF7694D8F3}.Release|Any CPU.Build.0 = Release|Any CPU
	EndGlobalSection
	GlobalSection(SolutionProperties) = preSolution
		HideSolutionNode = FALSE
	EndGlobalSection
	GlobalSection(ExtensibilityGlobals) = postSolution
		SolutionGuid = {CF7978E6-9954-4C69-9CCB-6861F3EE5E21}
	EndGlobalSection
EndGlobal
