
Microsoft Visual Studio Solution File, Format Version 12.00
# Visual Studio Version 16
VisualStudioVersion = 16.0.33529.622
MinimumVisualStudioVersion = 10.0.40219.1
Project("{FAE04EC0-301F-11D3-BF4B-00C04F79EFBC}") = "MethodsandObjectsAssignment", "MethodsandObjectsAssignment\MethodsandObjectsAssignment.csproj", "{4F6DACB9-3408-43C3-B7D5-009292BA0DC0}"
EndProject
Global
	GlobalSection(SolutionConfigurationPlatforms) = preSolution
		Debug|Any CPU = Debug|Any CPU
		Release|Any CPU = Release|Any CPU
	EndGlobalSection
	GlobalSection(ProjectConfigurationPlatforms) = postSolution
		{4F6DACB9-3408-43C3-B7D5-009292BA0DC0}.Debug|Any CPU.ActiveCfg = Debug|Any CPU
		{4F6DACB9-3408-43C3-B7D5-009292BA0DC0}.Debug|Any CPU.Build.0 = Debug|Any CPU
		{4F6DACB9-3408-43C3-B7D5-009292BA0DC0}.Release|Any CPU.ActiveCfg = Release|Any CPU
		{4F6DACB9-3408-43C3-B7D5-009292BA0DC0}.Release|Any CPU.Build.0 = Release|Any CPU
	EndGlobalSection
	GlobalSection(SolutionProperties) = preSolution
		HideSolutionNode = FALSE
	EndGlobalSection
	GlobalSection(ExtensibilityGlobals) = postSolution
		SolutionGuid = {D0F026E4-75D0-4633-A8A8-495F34F953A3}
	EndGlobalSection
EndGlobal
