
Microsoft Visual Studio Solution File, Format Version 12.00
# Visual Studio Version 16
VisualStudioVersion = 16.0.33529.622
MinimumVisualStudioVersion = 10.0.40219.1
Project("{FAE04EC0-301F-11D3-BF4B-00C04F79EFBC}") = "BranchingAssignment", "BranchingAssignment\BranchingAssignment.csproj", "{E3EEB1E0-C264-4764-91FA-B617D0B722D8}"
EndProject
Global
	GlobalSection(SolutionConfigurationPlatforms) = preSolution
		Debug|Any CPU = Debug|Any CPU
		Release|Any CPU = Release|Any CPU
	EndGlobalSection
	GlobalSection(ProjectConfigurationPlatforms) = postSolution
		{E3EEB1E0-C264-4764-91FA-B617D0B722D8}.Debug|Any CPU.ActiveCfg = Debug|Any CPU
		{E3EEB1E0-C264-4764-91FA-B617D0B722D8}.Debug|Any CPU.Build.0 = Debug|Any CPU
		{E3EEB1E0-C264-4764-91FA-B617D0B722D8}.Release|Any CPU.ActiveCfg = Release|Any CPU
		{E3EEB1E0-C264-4764-91FA-B617D0B722D8}.Release|Any CPU.Build.0 = Release|Any CPU
	EndGlobalSection
	GlobalSection(SolutionProperties) = preSolution
		HideSolutionNode = FALSE
	EndGlobalSection
	GlobalSection(ExtensibilityGlobals) = postSolution
		SolutionGuid = {C425CA40-0048-465A-BEE3-971B5D790177}
	EndGlobalSection
EndGlobal
