
Microsoft Visual Studio Solution File, Format Version 12.00
# Visual Studio Version 16
VisualStudioVersion = 16.0.33529.622
MinimumVisualStudioVersion = 10.0.40219.1
Project("{FAE04EC0-301F-11D3-BF4B-00C04F79EFBC}") = "Loops", "Loops\Loops.csproj", "{49C74F70-D4D9-46A4-BDE8-1AACC2192361}"
EndProject
Global
	GlobalSection(SolutionConfigurationPlatforms) = preSolution
		Debug|Any CPU = Debug|Any CPU
		Release|Any CPU = Release|Any CPU
	EndGlobalSection
	GlobalSection(ProjectConfigurationPlatforms) = postSolution
		{49C74F70-D4D9-46A4-BDE8-1AACC2192361}.Debug|Any CPU.ActiveCfg = Debug|Any CPU
		{49C74F70-D4D9-46A4-BDE8-1AACC2192361}.Debug|Any CPU.Build.0 = Debug|Any CPU
		{49C74F70-D4D9-46A4-BDE8-1AACC2192361}.Release|Any CPU.ActiveCfg = Release|Any CPU
		{49C74F70-D4D9-46A4-BDE8-1AACC2192361}.Release|Any CPU.Build.0 = Release|Any CPU
	EndGlobalSection
	GlobalSection(SolutionProperties) = preSolution
		HideSolutionNode = FALSE
	EndGlobalSection
	GlobalSection(ExtensibilityGlobals) = postSolution
		SolutionGuid = {D69F98DD-3798-44BC-8F2C-816FE8831A3E}
	EndGlobalSection
EndGlobal
